// !$*UTF8*$!
{
	archiveVersion = 1;
	classes = {
	};
	objectVersion = 50;
	objects = {

/* Begin PBXBuildFile section */
		9B13C615237861770064F83A /* AppDelegate.swift in Sources */ = {isa = PBXBuildFile; fileRef = 9B13C614237861770064F83A /* AppDelegate.swift */; };
		9B13C617237861770064F83A /* SceneDelegate.swift in Sources */ = {isa = PBXBuildFile; fileRef = 9B13C616237861770064F83A /* SceneDelegate.swift */; };
		9B13C619237861770064F83A /* ViewController.swift in Sources */ = {isa = PBXBuildFile; fileRef = 9B13C618237861770064F83A /* ViewController.swift */; };
		9B13C61C237861770064F83A /* Main.storyboard in Resources */ = {isa = PBXBuildFile; fileRef = 9B13C61A237861770064F83A /* Main.storyboard */; };
		9B13C61E237861790064F83A /* Assets.xcassets in Resources */ = {isa = PBXBuildFile; fileRef = 9B13C61D237861790064F83A /* Assets.xcassets */; };
		9B13C621237861790064F83A /* LaunchScreen.storyboard in Resources */ = {isa = PBXBuildFile; fileRef = 9B13C61F237861790064F83A /* LaunchScreen.storyboard */; };
		9B13C62A237862480064F83A /* AVFoundation.framework in Frameworks */ = {isa = PBXBuildFile; fileRef = 9B13C629237862480064F83A /* AVFoundation.framework */; };
		9B13C62C2378638B0064F83A /* Saki Saki.mp3 in Resources */ = {isa = PBXBuildFile; fileRef = 9B13C62B2378638B0064F83A /* Saki Saki.mp3 */; };
		9B13C632237872A60064F83A /* untitled-font-1.ttf in Resources */ = {isa = PBXBuildFile; fileRef = 9B13C631237872A60064F83A /* untitled-font-1.ttf */; };
		9B13C633237872BB0064F83A /* untitled-font-1.ttf in Sources */ = {isa = PBXBuildFile; fileRef = 9B13C631237872A60064F83A /* untitled-font-1.ttf */; };
		9B13C6352378785A0064F83A /* Jogi.mp3 in Resources */ = {isa = PBXBuildFile; fileRef = 9B13C6342378785A0064F83A /* Jogi.mp3 */; };
		9B13C638237879410064F83A /* Bekhayali.mp3 in Resources */ = {isa = PBXBuildFile; fileRef = 9B13C637237879410064F83A /* Bekhayali.mp3 */; };
/* End PBXBuildFile section */

/* Begin PBXFileReference section */
		9B13C611237861770064F83A /* MediaPlayer.app */ = {isa = PBXFileReference; explicitFileType = wrapper.application; includeInIndex = 0; path = MediaPlayer.app; sourceTree = BUILT_PRODUCTS_DIR; };
		9B13C614237861770064F83A /* AppDelegate.swift */ = {isa = PBXFileReference; lastKnownFileType = sourcecode.swift; path = AppDelegate.swift; sourceTree = "<group>"; };
		9B13C616237861770064F83A /* SceneDelegate.swift */ = {isa = PBXFileReference; lastKnownFileType = sourcecode.swift; path = SceneDelegate.swift; sourceTree = "<group>"; };
		9B13C618237861770064F83A /* ViewController.swift */ = {isa = PBXFileReference; lastKnownFileType = sourcecode.swift; path = ViewController.swift; sourceTree = "<group>"; };
		9B13C61B237861770064F83A /* Base */ = {isa = PBXFileReference; lastKnownFileType = file.storyboard; name = Base; path = Base.lproj/Main.storyboard; sourceTree = "<group>"; };
		9B13C61D237861790064F83A /* Assets.xcassets */ = {isa = PBXFileReference; lastKnownFileType = folder.assetcatalog; path = Assets.xcassets; sourceTree = "<group>"; };
		9B13C620237861790064F83A /* Base */ = {isa = PBXFileReference; lastKnownFileType = file.storyboard; name = Base; path = Base.lproj/LaunchScreen.storyboard; sourceTree = "<group>"; };
		9B13C622237861790064F83A /* Info.plist */ = {isa = PBXFileReference; lastKnownFileType = text.plist.xml; path = Info.plist; sourceTree = "<group>"; };
		9B13C629237862480064F83A /* AVFoundation.framework */ = {isa = PBXFileReference; lastKnownFileType = wrapper.framework; name = AVFoundation.framework; path = System/Library/Frameworks/AVFoundation.framework; sourceTree = SDKROOT; };
		9B13C62B2378638B0064F83A /* Saki Saki.mp3 */ = {isa = PBXFileReference; lastKnownFileType = audio.mp3; path = "Saki Saki.mp3"; sourceTree = "<group>"; };
		9B13C631237872A60064F83A /* untitled-font-1.ttf */ = {isa = PBXFileReference; lastKnownFileType = file; path = "untitled-font-1.ttf"; sourceTree = "<group>"; };
		9B13C6342378785A0064F83A /* Jogi.mp3 */ = {isa = PBXFileReference; lastKnownFileType = audio.mp3; path = Jogi.mp3; sourceTree = "<group>"; };
		9B13C637237879410064F83A /* Bekhayali.mp3 */ = {isa = PBXFileReference; lastKnownFileType = audio.mp3; path = Bekhayali.mp3; sourceTree = "<group>"; };
/* End PBXFileReference section */

/* Begin PBXFrameworksBuildPhase section */
		9B13C60E237861770064F83A /* Frameworks */ = {
			isa = PBXFrameworksBuildPhase;
			buildActionMask = 2147483647;
			files = (
				9B13C62A237862480064F83A /* AVFoundation.framework in Frameworks */,
			);
			runOnlyForDeploymentPostprocessing = 0;
		};
/* End PBXFrameworksBuildPhase section */

/* Begin PBXGroup section */
		9B13C608237861770064F83A = {
			isa = PBXGroup;
			children = (
				9B13C613237861770064F83A /* MediaPlayer */,
				9B13C612237861770064F83A /* Products */,
				9B13C628237862480064F83A /* Frameworks */,
			);
			sourceTree = "<group>";
		};
		9B13C612237861770064F83A /* Products */ = {
			isa = PBXGroup;
			children = (
				9B13C611237861770064F83A /* MediaPlayer.app */,
			);
			name = Products;
			sourceTree = "<group>";
		};
		9B13C613237861770064F83A /* MediaPlayer */ = {
			isa = PBXGroup;
			children = (
				9B13C6362378787C0064F83A /* AudioSongs */,
				9B13C631237872A60064F83A /* untitled-font-1.ttf */,
				9B13C614237861770064F83A /* AppDelegate.swift */,
				9B13C616237861770064F83A /* SceneDelegate.swift */,
				9B13C618237861770064F83A /* ViewController.swift */,
				9B13C61A237861770064F83A /* Main.storyboard */,
				9B13C61D237861790064F83A /* Assets.xcassets */,
				9B13C61F237861790064F83A /* LaunchScreen.storyboard */,
				9B13C622237861790064F83A /* Info.plist */,
			);
			path = MediaPlayer;
			sourceTree = "<group>";
		};
		9B13C628237862480064F83A /* Frameworks */ = {
			isa = PBXGroup;
			children = (
				9B13C629237862480064F83A /* AVFoundation.framework */,
			);
			name = Frameworks;
			sourceTree = "<group>";
		};
		9B13C6362378787C0064F83A /* AudioSongs */ = {
			isa = PBXGroup;
			children = (
				9B13C62B2378638B0064F83A /* Saki Saki.mp3 */,
				9B13C6342378785A0064F83A /* Jogi.mp3 */,
				9B13C637237879410064F83A /* Bekhayali.mp3 */,
			);
			path = AudioSongs;
			sourceTree = "<group>";
		};
/* End PBXGroup section */

/* Begin PBXNativeTarget section */
		9B13C610237861770064F83A /* MediaPlayer */ = {
			isa = PBXNativeTarget;
			buildConfigurationList = 9B13C625237861790064F83A /* Build configuration list for PBXNativeTarget "MediaPlayer" */;
			buildPhases = (
				9B13C60D237861770064F83A /* Sources */,
				9B13C60E237861770064F83A /* Frameworks */,
				9B13C60F237861770064F83A /* Resources */,
			);
			buildRules = (
			);
			dependencies = (
			);
			name = MediaPlayer;
			productName = MediaPlayer;
			productReference = 9B13C611237861770064F83A /* MediaPlayer.app */;
			productType = "com.apple.product-type.application";
		};
/* End PBXNativeTarget section */

/* Begin PBXProject section */
		9B13C609237861770064F83A /* Project object */ = {
			isa = PBXProject;
			attributes = {
				LastSwiftUpdateCheck = 1120;
				LastUpgradeCheck = 1120;
				ORGANIZATIONNAME = "Mandar Choudhary";
				TargetAttributes = {
					9B13C610237861770064F83A = {
						CreatedOnToolsVersion = 11.2;
					};
				};
			};
			buildConfigurationList = 9B13C60C237861770064F83A /* Build configuration list for PBXProject "MediaPlayer" */;
			compatibilityVersion = "Xcode 9.3";
			developmentRegion = en;
			hasScannedForEncodings = 0;
			knownRegions = (
				en,
				Base,
			);
			mainGroup = 9B13C608237861770064F83A;
			productRefGroup = 9B13C612237861770064F83A /* Products */;
			projectDirPath = "";
			projectRoot = "";
			targets = (
				9B13C610237861770064F83A /* MediaPlayer */,
			);
		};
/* End PBXProject section */

/* Begin PBXResourcesBuildPhase section */
		9B13C60F237861770064F83A /* Resources */ = {
			isa = PBXResourcesBuildPhase;
			buildActionMask = 2147483647;
			files = (
				9B13C621237861790064F83A /* LaunchScreen.storyboard in Resources */,
				9B13C61E237861790064F83A /* Assets.xcassets in Resources */,
				9B13C62C2378638B0064F83A /* Saki Saki.mp3 in Resources */,
				9B13C6352378785A0064F83A /* Jogi.mp3 in Resources */,
				9B13C632237872A60064F83A /* untitled-font-1.ttf in Resources */,
				9B13C638237879410064F83A /* Bekhayali.mp3 in Resources */,
				9B13C61C237861770064F83A /* Main.storyboard in Resources */,
			);
			runOnlyForDeploymentPostprocessing = 0;
		};
/* End PBXResourcesBuildPhase section */

/* Begin PBXSourcesBuildPhase section */
		9B13C60D237861770064F83A /* Sources */ = {
			isa = PBXSourcesBuildPhase;
			buildActionMask = 2147483647;
			files = (
				9B13C633237872BB0064F83A /* untitled-font-1.ttf in Sources */,
				9B13C619237861770064F83A /* ViewController.swift in Sources */,
				9B13C615237861770064F83A /* AppDelegate.swift in Sources */,
				9B13C617237861770064F83A /* SceneDelegate.swift in Sources */,
			);
			runOnlyForDeploymentPostprocessing = 0;
		};
/* End PBXSourcesBuildPhase section */

/* Begin PBXVariantGroup section */
		9B13C61A237861770064F83A /* Main.storyboard */ = {
			isa = PBXVariantGroup;
			children = (
				9B13C61B237861770064F83A /* Base */,
			);
			name = Main.storyboard;
			sourceTree = "<group>";
		};
		9B13C61F237861790064F83A /* LaunchScreen.storyboard */ = {
			isa = PBXVariantGroup;
			children = (
				9B13C620237861790064F83A /* Base */,
			);
			name = LaunchScreen.storyboard;
			sourceTree = "<group>";
		};
/* End PBXVariantGroup section */

/* Begin XCBuildConfiguration section */
		9B13C623237861790064F83A /* Debug */ = {
			isa = XCBuildConfiguration;
			buildSettings = {
				ALWAYS_SEARCH_USER_PATHS = NO;
				CLANG_ANALYZER_NONNULL = YES;
				CLANG_ANALYZER_NUMBER_OBJECT_CONVERSION = YES_AGGRESSIVE;
				CLANG_CXX_LANGUAGE_STANDARD = "gnu++14";
				CLANG_CXX_LIBRARY = "libc++";
				CLANG_ENABLE_MODULES = YES;
				CLANG_ENABLE_OBJC_ARC = YES;
				CLANG_ENABLE_OBJC_WEAK = YES;
				CLANG_WARN_BLOCK_CAPTURE_AUTORELEASING = YES;
				CLANG_WARN_BOOL_CONVERSION = YES;
				CLANG_WARN_COMMA = YES;
				CLANG_WARN_CONSTANT_CONVERSION = YES;
				CLANG_WARN_DEPRECATED_OBJC_IMPLEMENTATIONS = YES;
				CLANG_WARN_DIRECT_OBJC_ISA_USAGE = YES_ERROR;
				CLANG_WARN_DOCUMENTATION_COMMENTS = YES;
				CLANG_WARN_EMPTY_BODY = YES;
				CLANG_WARN_ENUM_CONVERSION = YES;
				CLANG_WARN_INFINITE_RECURSION = YES;
				CLANG_WARN_INT_CONVERSION = YES;
				CLANG_WARN_NON_LITERAL_NULL_CONVERSION = YES;
				CLANG_WARN_OBJC_IMPLICIT_RETAIN_SELF = YES;
				CLANG_WARN_OBJC_LITERAL_CONVERSION = YES;
				CLANG_WARN_OBJC_ROOT_CLASS = YES_ERROR;
				CLANG_WARN_RANGE_LOOP_ANALYSIS = YES;
				CLANG_WARN_STRICT_PROTOTYPES = YES;
				CLANG_WARN_SUSPICIOUS_MOVE = YES;
				CLANG_WARN_UNGUARDED_AVAILABILITY = YES_AGGRESSIVE;
				CLANG_WARN_UNREACHABLE_CODE = YES;
				CLANG_WARN__DUPLICATE_METHOD_MATCH = YES;
				COPY_PHASE_STRIP = NO;
				DEBUG_INFORMATION_FORMAT = dwarf;
				ENABLE_STRICT_OBJC_MSGSEND = YES;
				ENABLE_TESTABILITY = YES;
				GCC_C_LANGUAGE_STANDARD = gnu11;
				GCC_DYNAMIC_NO_PIC = NO;
				GCC_NO_COMMON_BLOCKS = YES;
				GCC_OPTIMIZATION_LEVEL = 0;
				GCC_PREPROCESSOR_DEFINITIONS = (
					"DEBUG=1",
					"$(inherited)",
				);
				GCC_WARN_64_TO_32_BIT_CONVERSION = YES;
				GCC_WARN_ABOUT_RETURN_TYPE = YES_ERROR;
				GCC_WARN_UNDECLARED_SELECTOR = YES;
				GCC_WARN_UNINITIALIZED_AUTOS = YES_AGGRESSIVE;
				GCC_WARN_UNUSED_FUNCTION = YES;
				GCC_WARN_UNUSED_VARIABLE = YES;
				IPHONEOS_DEPLOYMENT_TARGET = 13.2;
				MTL_ENABLE_DEBUG_INFO = INCLUDE_SOURCE;
				MTL_FAST_MATH = YES;
				ONLY_ACTIVE_ARCH = YES;
				SDKROOT = iphoneos;
				SWIFT_ACTIVE_COMPILATION_CONDITIONS = DEBUG;
				SWIFT_OPTIMIZATION_LEVEL = "-Onone";
			};
			name = Debug;
		};
		9B13C624237861790064F83A /* Release */ = {
			isa = XCBuildConfiguration;
			buildSettings = {
				ALWAYS_SEARCH_USER_PATHS = NO;
				CLANG_ANALYZER_NONNULL = YES;
				CLANG_ANALYZER_NUMBER_OBJECT_CONVERSION = YES_AGGRESSIVE;
				CLANG_CXX_LANGUAGE_STANDARD = "gnu++14";
				CLANG_CXX_LIBRARY = "libc++";
				CLANG_ENABLE_MODULES = YES;
				CLANG_ENABLE_OBJC_ARC = YES;
				CLANG_ENABLE_OBJC_WEAK = YES;
				CLANG_WARN_BLOCK_CAPTURE_AUTORELEASING = YES;
				CLANG_WARN_BOOL_CONVERSION = YES;
				CLANG_WARN_COMMA = YES;
				CLANG_WARN_CONSTANT_CONVERSION = YES;
				CLANG_WARN_DEPRECATED_OBJC_IMPLEMENTATIONS = YES;
				CLANG_WARN_DIRECT_OBJC_ISA_USAGE = YES_ERROR;
				CLANG_WARN_DOCUMENTATION_COMMENTS = YES;
				CLANG_WARN_EMPTY_BODY = YES;
				CLANG_WARN_ENUM_CONVERSION = YES;
				CLANG_WARN_INFINITE_RECURSION = YES;
				CLANG_WARN_INT_CONVERSION = YES;
				CLANG_WARN_NON_LITERAL_NULL_CONVERSION = YES;
				CLANG_WARN_OBJC_IMPLICIT_RETAIN_SELF = YES;
				CLANG_WARN_OBJC_LITERAL_CONVERSION = YES;
				CLANG_WARN_OBJC_ROOT_CLASS = YES_ERROR;
				CLANG_WARN_RANGE_LOOP_ANALYSIS = YES;
				CLANG_WARN_STRICT_PROTOTYPES = YES;
				CLANG_WARN_SUSPICIOUS_MOVE = YES;
				CLANG_WARN_UNGUARDED_AVAILABILITY = YES_AGGRESSIVE;
				CLANG_WARN_UNREACHABLE_CODE = YES;
				CLANG_WARN__DUPLICATE_METHOD_MATCH = YES;
				COPY_PHASE_STRIP = NO;
				DEBUG_INFORMATION_FORMAT = "dwarf-with-dsym";
				ENABLE_NS_ASSERTIONS = NO;
				ENABLE_STRICT_OBJC_MSGSEND = YES;
				GCC_C_LANGUAGE_STANDARD = gnu11;
				GCC_NO_COMMON_BLOCKS = YES;
				GCC_WARN_64_TO_32_BIT_CONVERSION = YES;
				GCC_WARN_ABOUT_RETURN_TYPE = YES_ERROR;
				GCC_WARN_UNDECLARED_SELECTOR = YES;
				GCC_WARN_UNINITIALIZED_AUTOS = YES_AGGRESSIVE;
				GCC_WARN_UNUSED_FUNCTION = YES;
				GCC_WARN_UNUSED_VARIABLE = YES;
				IPHONEOS_DEPLOYMENT_TARGET = 13.2;
				MTL_ENABLE_DEBUG_INFO = NO;
				MTL_FAST_MATH = YES;
				SDKROOT = iphoneos;
				SWIFT_COMPILATION_MODE = wholemodule;
				SWIFT_OPTIMIZATION_LEVEL = "-O";
				VALIDATE_PRODUCT = YES;
			};
			name = Release;
		};
		9B13C626237861790064F83A /* Debug */ = {
			isa = XCBuildConfiguration;
			buildSettings = {
				ASSETCATALOG_COMPILER_APPICON_NAME = AppIcon;
				CODE_SIGN_STYLE = Automatic;
				INFOPLIST_FILE = MediaPlayer/Info.plist;
				LD_RUNPATH_SEARCH_PATHS = (
					"$(inherited)",
					"@executable_path/Frameworks",
				);
				PRODUCT_BUNDLE_IDENTIFIER = com.mandar.First.MediaPlayer;
				PRODUCT_NAME = "$(TARGET_NAME)";
				SWIFT_VERSION = 5.0;
				TARGETED_DEVICE_FAMILY = "1,2";
			};
			name = Debug;
		};
		9B13C627237861790064F83A /* Release */ = {
			isa = XCBuildConfiguration;
			buildSettings = {
				ASSETCATALOG_COMPILER_APPICON_NAME = AppIcon;
				CODE_SIGN_STYLE = Automatic;
				INFOPLIST_FILE = MediaPlayer/Info.plist;
				LD_RUNPATH_SEARCH_PATHS = (
					"$(inherited)",
					"@executable_path/Frameworks",
				);
				PRODUCT_BUNDLE_IDENTIFIER = com.mandar.First.MediaPlayer;
				PRODUCT_NAME = "$(TARGET_NAME)";
				SWIFT_VERSION = 5.0;
				TARGETED_DEVICE_FAMILY = "1,2";
			};
			name = Release;
		};
/* End XCBuildConfiguration section */

/* Begin XCConfigurationList section */
		9B13C60C237861770064F83A /* Build configuration list for PBXProject "MediaPlayer" */ = {
			isa = XCConfigurationList;
			buildConfigurations = (
				9B13C623237861790064F83A /* Debug */,
				9B13C624237861790064F83A /* Release */,
			);
			defaultConfigurationIsVisible = 0;
			defaultConfigurationName = Release;
		};
		9B13C625237861790064F83A /* Build configuration list for PBXNativeTarget "MediaPlayer" */ = {
			isa = XCConfigurationList;
			buildConfigurations = (
				9B13C626237861790064F83A /* Debug */,
				9B13C627237861790064F83A /* Release */,
			);
			defaultConfigurationIsVisible = 0;
			defaultConfigurationName = Release;
		};
/* End XCConfigurationList section */
	};
	rootObject = 9B13C609237861770064F83A /* Project object */;
}
